// !$*UTF8*$!
{
	archiveVersion = 1;
	classes = {
	};
	objectVersion = 60;
	objects = {

/* Begin PBXBuildFile section */
		192988A82B912CDE00E28BC0 /* NetworkingImp in Frameworks */ = {isa = PBXBuildFile; productRef = 192988A72B912CDE00E28BC0 /* NetworkingImp */; };
		192988AA2B912CDE00E28BC0 /* NetworkingInterface in Frameworks */ = {isa = PBXBuildFile; productRef = 192988A92B912CDE00E28BC0 /* NetworkingInterface */; };
		19D47D4E2B8F890000A3D70E /* AppDelegate.swift in Sources */ = {isa = PBXBuildFile; fileRef = 19D47D4D2B8F890000A3D70E /* AppDelegate.swift */; };
		19D47D502B8F890000A3D70E /* SceneDelegate.swift in Sources */ = {isa = PBXBuildFile; fileRef = 19D47D4F2B8F890000A3D70E /* SceneDelegate.swift */; };
		19D47D522B8F890000A3D70E /* ViewController.swift in Sources */ = {isa = PBXBuildFile; fileRef = 19D47D512B8F890000A3D70E /* ViewController.swift */; };
		19D47D552B8F890000A3D70E /* Main.storyboard in Resources */ = {isa = PBXBuildFile; fileRef = 19D47D532B8F890000A3D70E /* Main.storyboard */; };
		19D47D572B8F890200A3D70E /* Assets.xcassets in Resources */ = {isa = PBXBuildFile; fileRef = 19D47D562B8F890200A3D70E /* Assets.xcassets */; };
		19D47D5A2B8F890200A3D70E /* LaunchScreen.storyboard in Resources */ = {isa = PBXBuildFile; fileRef = 19D47D582B8F890200A3D70E /* LaunchScreen.storyboard */; };
		19D47D652B8F890200A3D70E /* Concurrent_DogsTests.swift in Sources */ = {isa = PBXBuildFile; fileRef = 19D47D642B8F890200A3D70E /* Concurrent_DogsTests.swift */; };
		19D47D6F2B8F890200A3D70E /* Concurrent_DogsUITests.swift in Sources */ = {isa = PBXBuildFile; fileRef = 19D47D6E2B8F890200A3D70E /* Concurrent_DogsUITests.swift */; };
		19D47D712B8F890200A3D70E /* Concurrent_DogsUITestsLaunchTests.swift in Sources */ = {isa = PBXBuildFile; fileRef = 19D47D702B8F890200A3D70E /* Concurrent_DogsUITestsLaunchTests.swift */; };
/* End PBXBuildFile section */

/* Begin PBXContainerItemProxy section */
		19D47D612B8F890200A3D70E /* PBXContainerItemProxy */ = {
			isa = PBXContainerItemProxy;
			containerPortal = 19D47D422B8F890000A3D70E /* Project object */;
			proxyType = 1;
			remoteGlobalIDString = 19D47D492B8F890000A3D70E;
			remoteInfo = "Concurrent Dogs";
		};
		19D47D6B2B8F890200A3D70E /* PBXContainerItemProxy */ = {
			isa = PBXContainerItemProxy;
			containerPortal = 19D47D422B8F890000A3D70E /* Project object */;
			proxyType = 1;
			remoteGlobalIDString = 19D47D492B8F890000A3D70E;
			remoteInfo = "Concurrent Dogs";
		};
/* End PBXContainerItemProxy section */

/* Begin PBXFileReference section */
		19D47D4A2B8F890000A3D70E /* Concurrent Dogs.app */ = {isa = PBXFileReference; explicitFileType = wrapper.application; includeInIndex = 0; path = "Concurrent Dogs.app"; sourceTree = BUILT_PRODUCTS_DIR; };
		19D47D4D2B8F890000A3D70E /* AppDelegate.swift */ = {isa = PBXFileReference; lastKnownFileType = sourcecode.swift; path = AppDelegate.swift; sourceTree = "<group>"; };
		19D47D4F2B8F890000A3D70E /* SceneDelegate.swift */ = {isa = PBXFileReference; lastKnownFileType = sourcecode.swift; path = SceneDelegate.swift; sourceTree = "<group>"; };
		19D47D512B8F890000A3D70E /* ViewController.swift */ = {isa = PBXFileReference; lastKnownFileType = sourcecode.swift; path = ViewController.swift; sourceTree = "<group>"; };
		19D47D542B8F890000A3D70E /* Base */ = {isa = PBXFileReference; lastKnownFileType = file.storyboard; name = Base; path = Base.lproj/Main.storyboard; sourceTree = "<group>"; };
		19D47D562B8F890200A3D70E /* Assets.xcassets */ = {isa = PBXFileReference; lastKnownFileType = folder.assetcatalog; path = Assets.xcassets; sourceTree = "<group>"; };
		19D47D592B8F890200A3D70E /* Base */ = {isa = PBXFileReference; lastKnownFileType = file.storyboard; name = Base; path = Base.lproj/LaunchScreen.storyboard; sourceTree = "<group>"; };
		19D47D5B2B8F890200A3D70E /* Info.plist */ = {isa = PBXFileReference; lastKnownFileType = text.plist.xml; path = Info.plist; sourceTree = "<group>"; };
		19D47D602B8F890200A3D70E /* Concurrent DogsTests.xctest */ = {isa = PBXFileReference; explicitFileType = wrapper.cfbundle; includeInIndex = 0; path = "Concurrent DogsTests.xctest"; sourceTree = BUILT_PRODUCTS_DIR; };
		19D47D642B8F890200A3D70E /* Concurrent_DogsTests.swift */ = {isa = PBXFileReference; lastKnownFileType = sourcecode.swift; path = Concurrent_DogsTests.swift; sourceTree = "<group>"; };
		19D47D6A2B8F890200A3D70E /* Concurrent DogsUITests.xctest */ = {isa = PBXFileReference; explicitFileType = wrapper.cfbundle; includeInIndex = 0; path = "Concurrent DogsUITests.xctest"; sourceTree = BUILT_PRODUCTS_DIR; };
		19D47D6E2B8F890200A3D70E /* Concurrent_DogsUITests.swift */ = {isa = PBXFileReference; lastKnownFileType = sourcecode.swift; path = Concurrent_DogsUITests.swift; sourceTree = "<group>"; };
		19D47D702B8F890200A3D70E /* Concurrent_DogsUITestsLaunchTests.swift */ = {isa = PBXFileReference; lastKnownFileType = sourcecode.swift; path = Concurrent_DogsUITestsLaunchTests.swift; sourceTree = "<group>"; };
/* End PBXFileReference section */

/* Begin PBXFrameworksBuildPhase section */
		19D47D472B8F890000A3D70E /* Frameworks */ = {
			isa = PBXFrameworksBuildPhase;
			buildActionMask = 2147483647;
			files = (
				192988AA2B912CDE00E28BC0 /* NetworkingInterface in Frameworks */,
				192988A82B912CDE00E28BC0 /* NetworkingImp in Frameworks */,
			);
			runOnlyForDeploymentPostprocessing = 0;
		};
		19D47D5D2B8F890200A3D70E /* Frameworks */ = {
			isa = PBXFrameworksBuildPhase;
			buildActionMask = 2147483647;
			files = (
			);
			runOnlyForDeploymentPostprocessing = 0;
		};
		19D47D672B8F890200A3D70E /* Frameworks */ = {
			isa = PBXFrameworksBuildPhase;
			buildActionMask = 2147483647;
			files = (
			);
			runOnlyForDeploymentPostprocessing = 0;
		};
/* End PBXFrameworksBuildPhase section */

/* Begin PBXGroup section */
		19D47D412B8F890000A3D70E = {
			isa = PBXGroup;
			children = (
				19D47D4C2B8F890000A3D70E /* Concurrent Dogs */,
				19D47D632B8F890200A3D70E /* Concurrent DogsTests */,
				19D47D6D2B8F890200A3D70E /* Concurrent DogsUITests */,
				19D47D4B2B8F890000A3D70E /* Products */,
			);
			sourceTree = "<group>";
		};
		19D47D4B2B8F890000A3D70E /* Products */ = {
			isa = PBXGroup;
			children = (
				19D47D4A2B8F890000A3D70E /* Concurrent Dogs.app */,
				19D47D602B8F890200A3D70E /* Concurrent DogsTests.xctest */,
				19D47D6A2B8F890200A3D70E /* Concurrent DogsUITests.xctest */,
			);
			name = Products;
			sourceTree = "<group>";
		};
		19D47D4C2B8F890000A3D70E /* Concurrent Dogs */ = {
			isa = PBXGroup;
			children = (
				19D47D4D2B8F890000A3D70E /* AppDelegate.swift */,
				19D47D4F2B8F890000A3D70E /* SceneDelegate.swift */,
				19D47D512B8F890000A3D70E /* ViewController.swift */,
				19D47D532B8F890000A3D70E /* Main.storyboard */,
				19D47D562B8F890200A3D70E /* Assets.xcassets */,
				19D47D582B8F890200A3D70E /* LaunchScreen.storyboard */,
				19D47D5B2B8F890200A3D70E /* Info.plist */,
			);
			path = "Concurrent Dogs";
			sourceTree = "<group>";
		};
		19D47D632B8F890200A3D70E /* Concurrent DogsTests */ = {
			isa = PBXGroup;
			children = (
				19D47D642B8F890200A3D70E /* Concurrent_DogsTests.swift */,
			);
			path = "Concurrent DogsTests";
			sourceTree = "<group>";
		};
		19D47D6D2B8F890200A3D70E /* Concurrent DogsUITests */ = {
			isa = PBXGroup;
			children = (
				19D47D6E2B8F890200A3D70E /* Concurrent_DogsUITests.swift */,
				19D47D702B8F890200A3D70E /* Concurrent_DogsUITestsLaunchTests.swift */,
			);
			path = "Concurrent DogsUITests";
			sourceTree = "<group>";
		};
/* End PBXGroup section */

/* Begin PBXNativeTarget section */
		19D47D492B8F890000A3D70E /* Concurrent Dogs */ = {
			isa = PBXNativeTarget;
			buildConfigurationList = 19D47D742B8F890200A3D70E /* Build configuration list for PBXNativeTarget "Concurrent Dogs" */;
			buildPhases = (
				19D47D462B8F890000A3D70E /* Sources */,
				19D47D472B8F890000A3D70E /* Frameworks */,
				19D47D482B8F890000A3D70E /* Resources */,
			);
			buildRules = (
			);
			dependencies = (
			);
			name = "Concurrent Dogs";
			packageProductDependencies = (
				192988A72B912CDE00E28BC0 /* NetworkingImp */,
				192988A92B912CDE00E28BC0 /* NetworkingInterface */,
			);
			productName = "Concurrent Dogs";
			productReference = 19D47D4A2B8F890000A3D70E /* Concurrent Dogs.app */;
			productType = "com.apple.product-type.application";
		};
		19D47D5F2B8F890200A3D70E /* Concurrent DogsTests */ = {
			isa = PBXNativeTarget;
			buildConfigurationList = 19D47D772B8F890200A3D70E /* Build configuration list for PBXNativeTarget "Concurrent DogsTests" */;
			buildPhases = (
				19D47D5C2B8F890200A3D70E /* Sources */,
				19D47D5D2B8F890200A3D70E /* Frameworks */,
				19D47D5E2B8F890200A3D70E /* Resources */,
			);
			buildRules = (
			);
			dependencies = (
				19D47D622B8F890200A3D70E /* PBXTargetDependency */,
			);
			name = "Concurrent DogsTests";
			productName = "Concurrent DogsTests";
			productReference = 19D47D602B8F890200A3D70E /* Concurrent DogsTests.xctest */;
			productType = "com.apple.product-type.bundle.unit-test";
		};
		19D47D692B8F890200A3D70E /* Concurrent DogsUITests */ = {
			isa = PBXNativeTarget;
			buildConfigurationList = 19D47D7A2B8F890200A3D70E /* Build configuration list for PBXNativeTarget "Concurrent DogsUITests" */;
			buildPhases = (
				19D47D662B8F890200A3D70E /* Sources */,
				19D47D672B8F890200A3D70E /* Frameworks */,
				19D47D682B8F890200A3D70E /* Resources */,
			);
			buildRules = (
			);
			dependencies = (
				19D47D6C2B8F890200A3D70E /* PBXTargetDependency */,
			);
			name = "Concurrent DogsUITests";
			productName = "Concurrent DogsUITests";
			productReference = 19D47D6A2B8F890200A3D70E /* Concurrent DogsUITests.xctest */;
			productType = "com.apple.product-type.bundle.ui-testing";
		};
/* End PBXNativeTarget section */

/* Begin PBXProject section */
		19D47D422B8F890000A3D70E /* Project object */ = {
			isa = PBXProject;
			attributes = {
				BuildIndependentTargetsInParallel = 1;
				LastSwiftUpdateCheck = 1520;
				LastUpgradeCheck = 1520;
				TargetAttributes = {
					19D47D492B8F890000A3D70E = {
						CreatedOnToolsVersion = 15.2;
					};
					19D47D5F2B8F890200A3D70E = {
						CreatedOnToolsVersion = 15.2;
						TestTargetID = 19D47D492B8F890000A3D70E;
					};
					19D47D692B8F890200A3D70E = {
						CreatedOnToolsVersion = 15.2;
						TestTargetID = 19D47D492B8F890000A3D70E;
					};
				};
			};
			buildConfigurationList = 19D47D452B8F890000A3D70E /* Build configuration list for PBXProject "Concurrent Dogs" */;
			compatibilityVersion = "Xcode 14.0";
			developmentRegion = en;
			hasScannedForEncodings = 0;
			knownRegions = (
				en,
				Base,
			);
			mainGroup = 19D47D412B8F890000A3D70E;
			packageReferences = (
				192988A62B912CDE00E28BC0 /* XCLocalSwiftPackageReference "Modules/Networking" */,
			);
			productRefGroup = 19D47D4B2B8F890000A3D70E /* Products */;
			projectDirPath = "";
			projectRoot = "";
			targets = (
				19D47D492B8F890000A3D70E /* Concurrent Dogs */,
				19D47D5F2B8F890200A3D70E /* Concurrent DogsTests */,
				19D47D692B8F890200A3D70E /* Concurrent DogsUITests */,
			);
		};
/* End PBXProject section */

/* Begin PBXResourcesBuildPhase section */
		19D47D482B8F890000A3D70E /* Resources */ = {
			isa = PBXResourcesBuildPhase;
			buildActionMask = 2147483647;
			files = (
				19D47D5A2B8F890200A3D70E /* LaunchScreen.storyboard in Resources */,
				19D47D572B8F890200A3D70E /* Assets.xcassets in Resources */,
				19D47D552B8F890000A3D70E /* Main.storyboard in Resources */,
			);
			runOnlyForDeploymentPostprocessing = 0;
		};
		19D47D5E2B8F890200A3D70E /* Resources */ = {
			isa = PBXResourcesBuildPhase;
			buildActionMask = 2147483647;
			files = (
			);
			runOnlyForDeploymentPostprocessing = 0;
		};
		19D47D682B8F890200A3D70E /* Resources */ = {
			isa = PBXResourcesBuildPhase;
			buildActionMask = 2147483647;
			files = (
			);
			runOnlyForDeploymentPostprocessing = 0;
		};
/* End PBXResourcesBuildPhase section */

/* Begin PBXSourcesBuildPhase section */
		19D47D462B8F890000A3D70E /* Sources */ = {
			isa = PBXSourcesBuildPhase;
			buildActionMask = 2147483647;
			files = (
				19D47D522B8F890000A3D70E /* ViewController.swift in Sources */,
				19D47D4E2B8F890000A3D70E /* AppDelegate.swift in Sources */,
				19D47D502B8F890000A3D70E /* SceneDelegate.swift in Sources */,
			);
			runOnlyForDeploymentPostprocessing = 0;
		};
		19D47D5C2B8F890200A3D70E /* Sources */ = {
			isa = PBXSourcesBuildPhase;
			buildActionMask = 2147483647;
			files = (
				19D47D652B8F890200A3D70E /* Concurrent_DogsTests.swift in Sources */,
			);
			runOnlyForDeploymentPostprocessing = 0;
		};
		19D47D662B8F890200A3D70E /* Sources */ = {
			isa = PBXSourcesBuildPhase;
			buildActionMask = 2147483647;
			files = (
				19D47D712B8F890200A3D70E /* Concurrent_DogsUITestsLaunchTests.swift in Sources */,
				19D47D6F2B8F890200A3D70E /* Concurrent_DogsUITests.swift in Sources */,
			);
			runOnlyForDeploymentPostprocessing = 0;
		};
/* End PBXSourcesBuildPhase section */

/* Begin PBXTargetDependency section */
		19D47D622B8F890200A3D70E /* PBXTargetDependency */ = {
			isa = PBXTargetDependency;
			target = 19D47D492B8F890000A3D70E /* Concurrent Dogs */;
			targetProxy = 19D47D612B8F890200A3D70E /* PBXContainerItemProxy */;
		};
		19D47D6C2B8F890200A3D70E /* PBXTargetDependency */ = {
			isa = PBXTargetDependency;
			target = 19D47D492B8F890000A3D70E /* Concurrent Dogs */;
			targetProxy = 19D47D6B2B8F890200A3D70E /* PBXContainerItemProxy */;
		};
/* End PBXTargetDependency section */

/* Begin PBXVariantGroup section */
		19D47D532B8F890000A3D70E /* Main.storyboard */ = {
			isa = PBXVariantGroup;
			children = (
				19D47D542B8F890000A3D70E /* Base */,
			);
			name = Main.storyboard;
			sourceTree = "<group>";
		};
		19D47D582B8F890200A3D70E /* LaunchScreen.storyboard */ = {
			isa = PBXVariantGroup;
			children = (
				19D47D592B8F890200A3D70E /* Base */,
			);
			name = LaunchScreen.storyboard;
			sourceTree = "<group>";
		};
/* End PBXVariantGroup section */

/* Begin XCBuildConfiguration section */
		19D47D722B8F890200A3D70E /* Debug */ = {
			isa = XCBuildConfiguration;
			buildSettings = {
				ALWAYS_SEARCH_USER_PATHS = NO;
				ASSETCATALOG_COMPILER_GENERATE_SWIFT_ASSET_SYMBOL_EXTENSIONS = YES;
				CLANG_ANALYZER_NONNULL = YES;
				CLANG_ANALYZER_NUMBER_OBJECT_CONVERSION = YES_AGGRESSIVE;
				CLANG_CXX_LANGUAGE_STANDARD = "gnu++20";
				CLANG_ENABLE_MODULES = YES;
				CLANG_ENABLE_OBJC_ARC = YES;
				CLANG_ENABLE_OBJC_WEAK = YES;
				CLANG_WARN_BLOCK_CAPTURE_AUTORELEASING = YES;
				CLANG_WARN_BOOL_CONVERSION = YES;
				CLANG_WARN_COMMA = YES;
				CLANG_WARN_CONSTANT_CONVERSION = YES;
				CLANG_WARN_DEPRECATED_OBJC_IMPLEMENTATIONS = YES;
				CLANG_WARN_DIRECT_OBJC_ISA_USAGE = YES_ERROR;
				CLANG_WARN_DOCUMENTATION_COMMENTS = YES;
				CLANG_WARN_EMPTY_BODY = YES;
				CLANG_WARN_ENUM_CONVERSION = YES;
				CLANG_WARN_INFINITE_RECURSION = YES;
				CLANG_WARN_INT_CONVERSION = YES;
				CLANG_WARN_NON_LITERAL_NULL_CONVERSION = YES;
				CLANG_WARN_OBJC_IMPLICIT_RETAIN_SELF = YES;
				CLANG_WARN_OBJC_LITERAL_CONVERSION = YES;
				CLANG_WARN_OBJC_ROOT_CLASS = YES_ERROR;
				CLANG_WARN_QUOTED_INCLUDE_IN_FRAMEWORK_HEADER = YES;
				CLANG_WARN_RANGE_LOOP_ANALYSIS = YES;
				CLANG_WARN_STRICT_PROTOTYPES = YES;
				CLANG_WARN_SUSPICIOUS_MOVE = YES;
				CLANG_WARN_UNGUARDED_AVAILABILITY = YES_AGGRESSIVE;
				CLANG_WARN_UNREACHABLE_CODE = YES;
				CLANG_WARN__DUPLICATE_METHOD_MATCH = YES;
				COPY_PHASE_STRIP = NO;
				DEBUG_INFORMATION_FORMAT = dwarf;
				ENABLE_STRICT_OBJC_MSGSEND = YES;
				ENABLE_TESTABILITY = YES;
				ENABLE_USER_SCRIPT_SANDBOXING = YES;
				GCC_C_LANGUAGE_STANDARD = gnu17;
				GCC_DYNAMIC_NO_PIC = NO;
				GCC_NO_COMMON_BLOCKS = YES;
				GCC_OPTIMIZATION_LEVEL = 0;
				GCC_PREPROCESSOR_DEFINITIONS = (
					"DEBUG=1",
					"$(inherited)",
				);
				GCC_WARN_64_TO_32_BIT_CONVERSION = YES;
				GCC_WARN_ABOUT_RETURN_TYPE = YES_ERROR;
				GCC_WARN_UNDECLARED_SELECTOR = YES;
				GCC_WARN_UNINITIALIZED_AUTOS = YES_AGGRESSIVE;
				GCC_WARN_UNUSED_FUNCTION = YES;
				GCC_WARN_UNUSED_VARIABLE = YES;
				IPHONEOS_DEPLOYMENT_TARGET = 17.2;
				LOCALIZATION_PREFERS_STRING_CATALOGS = YES;
				MTL_ENABLE_DEBUG_INFO = INCLUDE_SOURCE;
				MTL_FAST_MATH = YES;
				ONLY_ACTIVE_ARCH = YES;
				SDKROOT = iphoneos;
				SWIFT_ACTIVE_COMPILATION_CONDITIONS = "DEBUG $(inherited)";
				SWIFT_OPTIMIZATION_LEVEL = "-Onone";
			};
			name = Debug;
		};
		19D47D732B8F890200A3D70E /* Release */ = {
			isa = XCBuildConfiguration;
			buildSettings = {
				ALWAYS_SEARCH_USER_PATHS = NO;
				ASSETCATALOG_COMPILER_GENERATE_SWIFT_ASSET_SYMBOL_EXTENSIONS = YES;
				CLANG_ANALYZER_NONNULL = YES;
				CLANG_ANALYZER_NUMBER_OBJECT_CONVERSION = YES_AGGRESSIVE;
				CLANG_CXX_LANGUAGE_STANDARD = "gnu++20";
				CLANG_ENABLE_MODULES = YES;
				CLANG_ENABLE_OBJC_ARC = YES;
				CLANG_ENABLE_OBJC_WEAK = YES;
				CLANG_WARN_BLOCK_CAPTURE_AUTORELEASING = YES;
				CLANG_WARN_BOOL_CONVERSION = YES;
				CLANG_WARN_COMMA = YES;
				CLANG_WARN_CONSTANT_CONVERSION = YES;
				CLANG_WARN_DEPRECATED_OBJC_IMPLEMENTATIONS = YES;
				CLANG_WARN_DIRECT_OBJC_ISA_USAGE = YES_ERROR;
				CLANG_WARN_DOCUMENTATION_COMMENTS = YES;
				CLANG_WARN_EMPTY_BODY = YES;
				CLANG_WARN_ENUM_CONVERSION = YES;
				CLANG_WARN_INFINITE_RECURSION = YES;
				CLANG_WARN_INT_CONVERSION = YES;
				CLANG_WARN_NON_LITERAL_NULL_CONVERSION = YES;
				CLANG_WARN_OBJC_IMPLICIT_RETAIN_SELF = YES;
				CLANG_WARN_OBJC_LITERAL_CONVERSION = YES;
				CLANG_WARN_OBJC_ROOT_CLASS = YES_ERROR;
				CLANG_WARN_QUOTED_INCLUDE_IN_FRAMEWORK_HEADER = YES;
				CLANG_WARN_RANGE_LOOP_ANALYSIS = YES;
				CLANG_WARN_STRICT_PROTOTYPES = YES;
				CLANG_WARN_SUSPICIOUS_MOVE = YES;
				CLANG_WARN_UNGUARDED_AVAILABILITY = YES_AGGRESSIVE;
				CLANG_WARN_UNREACHABLE_CODE = YES;
				CLANG_WARN__DUPLICATE_METHOD_MATCH = YES;
				COPY_PHASE_STRIP = NO;
				DEBUG_INFORMATION_FORMAT = "dwarf-with-dsym";
				ENABLE_NS_ASSERTIONS = NO;
				ENABLE_STRICT_OBJC_MSGSEND = YES;
				ENABLE_USER_SCRIPT_SANDBOXING = YES;
				GCC_C_LANGUAGE_STANDARD = gnu17;
				GCC_NO_COMMON_BLOCKS = YES;
				GCC_WARN_64_TO_32_BIT_CONVERSION = YES;
				GCC_WARN_ABOUT_RETURN_TYPE = YES_ERROR;
				GCC_WARN_UNDECLARED_SELECTOR = YES;
				GCC_WARN_UNINITIALIZED_AUTOS = YES_AGGRESSIVE;
				GCC_WARN_UNUSED_FUNCTION = YES;
				GCC_WARN_UNUSED_VARIABLE = YES;
				IPHONEOS_DEPLOYMENT_TARGET = 17.2;
				LOCALIZATION_PREFERS_STRING_CATALOGS = YES;
				MTL_ENABLE_DEBUG_INFO = NO;
				MTL_FAST_MATH = YES;
				SDKROOT = iphoneos;
				SWIFT_COMPILATION_MODE = wholemodule;
				VALIDATE_PRODUCT = YES;
			};
			name = Release;
		};
		19D47D752B8F890200A3D70E /* Debug */ = {
			isa = XCBuildConfiguration;
			buildSettings = {
				ASSETCATALOG_COMPILER_APPICON_NAME = AppIcon;
				ASSETCATALOG_COMPILER_GLOBAL_ACCENT_COLOR_NAME = AccentColor;
				CODE_SIGN_STYLE = Automatic;
				CURRENT_PROJECT_VERSION = 1;
				GENERATE_INFOPLIST_FILE = YES;
				INFOPLIST_FILE = "Concurrent Dogs/Info.plist";
				INFOPLIST_KEY_UIApplicationSupportsIndirectInputEvents = YES;
				INFOPLIST_KEY_UILaunchStoryboardName = LaunchScreen;
				INFOPLIST_KEY_UIMainStoryboardFile = Main;
				INFOPLIST_KEY_UISupportedInterfaceOrientations_iPad = "UIInterfaceOrientationPortrait UIInterfaceOrientationPortraitUpsideDown UIInterfaceOrientationLandscapeLeft UIInterfaceOrientationLandscapeRight";
				INFOPLIST_KEY_UISupportedInterfaceOrientations_iPhone = "UIInterfaceOrientationPortrait UIInterfaceOrientationLandscapeLeft UIInterfaceOrientationLandscapeRight";
				LD_RUNPATH_SEARCH_PATHS = (
					"$(inherited)",
					"@executable_path/Frameworks",
				);
				MARKETING_VERSION = 1.0;
				PRODUCT_BUNDLE_IDENTIFIER = "com.leapi..Concurrent-Dogs";
				PRODUCT_NAME = "$(TARGET_NAME)";
				SWIFT_EMIT_LOC_STRINGS = YES;
				SWIFT_VERSION = 5.0;
				TARGETED_DEVICE_FAMILY = "1,2";
			};
			name = Debug;
		};
		19D47D762B8F890200A3D70E /* Release */ = {
			isa = XCBuildConfiguration;
			buildSettings = {
				ASSETCATALOG_COMPILER_APPICON_NAME = AppIcon;
				ASSETCATALOG_COMPILER_GLOBAL_ACCENT_COLOR_NAME = AccentColor;
				CODE_SIGN_STYLE = Automatic;
				CURRENT_PROJECT_VERSION = 1;
				GENERATE_INFOPLIST_FILE = YES;
				INFOPLIST_FILE = "Concurrent Dogs/Info.plist";
				INFOPLIST_KEY_UIApplicationSupportsIndirectInputEvents = YES;
				INFOPLIST_KEY_UILaunchStoryboardName = LaunchScreen;
				INFOPLIST_KEY_UIMainStoryboardFile = Main;
				INFOPLIST_KEY_UISupportedInterfaceOrientations_iPad = "UIInterfaceOrientationPortrait UIInterfaceOrientationPortraitUpsideDown UIInterfaceOrientationLandscapeLeft UIInterfaceOrientationLandscapeRight";
				INFOPLIST_KEY_UISupportedInterfaceOrientations_iPhone = "UIInterfaceOrientationPortrait UIInterfaceOrientationLandscapeLeft UIInterfaceOrientationLandscapeRight";
				LD_RUNPATH_SEARCH_PATHS = (
					"$(inherited)",
					"@executable_path/Frameworks",
				);
				MARKETING_VERSION = 1.0;
				PRODUCT_BUNDLE_IDENTIFIER = "com.leapi..Concurrent-Dogs";
				PRODUCT_NAME = "$(TARGET_NAME)";
				SWIFT_EMIT_LOC_STRINGS = YES;
				SWIFT_VERSION = 5.0;
				TARGETED_DEVICE_FAMILY = "1,2";
			};
			name = Release;
		};
		19D47D782B8F890200A3D70E /* Debug */ = {
			isa = XCBuildConfiguration;
			buildSettings = {
				ALWAYS_EMBED_SWIFT_STANDARD_LIBRARIES = YES;
				BUNDLE_LOADER = "$(TEST_HOST)";
				CODE_SIGN_STYLE = Automatic;
				CURRENT_PROJECT_VERSION = 1;
				DEVELOPMENT_TEAM = 26J6YQJ489;
				GENERATE_INFOPLIST_FILE = YES;
				IPHONEOS_DEPLOYMENT_TARGET = 17.2;
				MARKETING_VERSION = 1.0;
				PRODUCT_BUNDLE_IDENTIFIER = "com.leapi..Concurrent-DogsTests";
				PRODUCT_NAME = "$(TARGET_NAME)";
				SWIFT_EMIT_LOC_STRINGS = NO;
				SWIFT_VERSION = 5.0;
				TARGETED_DEVICE_FAMILY = "1,2";
				TEST_HOST = "$(BUILT_PRODUCTS_DIR)/Concurrent Dogs.app/$(BUNDLE_EXECUTABLE_FOLDER_PATH)/Concurrent Dogs";
			};
			name = Debug;
		};
		19D47D792B8F890200A3D70E /* Release */ = {
			isa = XCBuildConfiguration;
			buildSettings = {
				ALWAYS_EMBED_SWIFT_STANDARD_LIBRARIES = YES;
				BUNDLE_LOADER = "$(TEST_HOST)";
				CODE_SIGN_STYLE = Automatic;
				CURRENT_PROJECT_VERSION = 1;
				DEVELOPMENT_TEAM = 26J6YQJ489;
				GENERATE_INFOPLIST_FILE = YES;
				IPHONEOS_DEPLOYMENT_TARGET = 17.2;
				MARKETING_VERSION = 1.0;
				PRODUCT_BUNDLE_IDENTIFIER = "com.leapi..Concurrent-DogsTests";
				PRODUCT_NAME = "$(TARGET_NAME)";
				SWIFT_EMIT_LOC_STRINGS = NO;
				SWIFT_VERSION = 5.0;
				TARGETED_DEVICE_FAMILY = "1,2";
				TEST_HOST = "$(BUILT_PRODUCTS_DIR)/Concurrent Dogs.app/$(BUNDLE_EXECUTABLE_FOLDER_PATH)/Concurrent Dogs";
			};
			name = Release;
		};
		19D47D7B2B8F890200A3D70E /* Debug */ = {
			isa = XCBuildConfiguration;
			buildSettings = {
				ALWAYS_EMBED_SWIFT_STANDARD_LIBRARIES = YES;
				CODE_SIGN_STYLE = Automatic;
				CURRENT_PROJECT_VERSION = 1;
				GENERATE_INFOPLIST_FILE = YES;
				MARKETING_VERSION = 1.0;
				PRODUCT_BUNDLE_IDENTIFIER = "com.leapi..Concurrent-DogsUITests";
				PRODUCT_NAME = "$(TARGET_NAME)";
				SWIFT_EMIT_LOC_STRINGS = NO;
				SWIFT_VERSION = 5.0;
				TARGETED_DEVICE_FAMILY = "1,2";
				TEST_TARGET_NAME = "Concurrent Dogs";
			};
			name = Debug;
		};
		19D47D7C2B8F890200A3D70E /* Release */ = {
			isa = XCBuildConfiguration;
			buildSettings = {
				ALWAYS_EMBED_SWIFT_STANDARD_LIBRARIES = YES;
				CODE_SIGN_STYLE = Automatic;
				CURRENT_PROJECT_VERSION = 1;
				GENERATE_INFOPLIST_FILE = YES;
				MARKETING_VERSION = 1.0;
				PRODUCT_BUNDLE_IDENTIFIER = "com.leapi..Concurrent-DogsUITests";
				PRODUCT_NAME = "$(TARGET_NAME)";
				SWIFT_EMIT_LOC_STRINGS = NO;
				SWIFT_VERSION = 5.0;
				TARGETED_DEVICE_FAMILY = "1,2";
				TEST_TARGET_NAME = "Concurrent Dogs";
			};
			name = Release;
		};
/* End XCBuildConfiguration section */

/* Begin XCConfigurationList section */
		19D47D452B8F890000A3D70E /* Build configuration list for PBXProject "Concurrent Dogs" */ = {
			isa = XCConfigurationList;
			buildConfigurations = (
				19D47D722B8F890200A3D70E /* Debug */,
				19D47D732B8F890200A3D70E /* Release */,
			);
			defaultConfigurationIsVisible = 0;
			defaultConfigurationName = Release;
		};
		19D47D742B8F890200A3D70E /* Build configuration list for PBXNativeTarget "Concurrent Dogs" */ = {
			isa = XCConfigurationList;
			buildConfigurations = (
				19D47D752B8F890200A3D70E /* Debug */,
				19D47D762B8F890200A3D70E /* Release */,
			);
			defaultConfigurationIsVisible = 0;
			defaultConfigurationName = Release;
		};
		19D47D772B8F890200A3D70E /* Build configuration list for PBXNativeTarget "Concurrent DogsTests" */ = {
			isa = XCConfigurationList;
			buildConfigurations = (
				19D47D782B8F890200A3D70E /* Debug */,
				19D47D792B8F890200A3D70E /* Release */,
			);
			defaultConfigurationIsVisible = 0;
			defaultConfigurationName = Release;
		};
		19D47D7A2B8F890200A3D70E /* Build configuration list for PBXNativeTarget "Concurrent DogsUITests" */ = {
			isa = XCConfigurationList;
			buildConfigurations = (
				19D47D7B2B8F890200A3D70E /* Debug */,
				19D47D7C2B8F890200A3D70E /* Release */,
			);
			defaultConfigurationIsVisible = 0;
			defaultConfigurationName = Release;
		};
/* End XCConfigurationList section */

/* Begin XCLocalSwiftPackageReference section */
		192988A62B912CDE00E28BC0 /* XCLocalSwiftPackageReference "Modules/Networking" */ = {
			isa = XCLocalSwiftPackageReference;
			relativePath = Modules/Networking;
		};
/* End XCLocalSwiftPackageReference section */

/* Begin XCSwiftPackageProductDependency section */
		192988A72B912CDE00E28BC0 /* NetworkingImp */ = {
			isa = XCSwiftPackageProductDependency;
			productName = NetworkingImp;
		};
		192988A92B912CDE00E28BC0 /* NetworkingInterface */ = {
			isa = XCSwiftPackageProductDependency;
			productName = NetworkingInterface;
		};
/* End XCSwiftPackageProductDependency section */
	};
	rootObject = 19D47D422B8F890000A3D70E /* Project object */;
}
